PODS:
  - Flutter (1.0.0)
  - location (0.0.1):
    - Flutter
  - sensors (0.0.1):
    - Flutter

DEPENDENCIES:
  - Flutter (from `.symlinks/flutter/ios`)
  - location (from `.symlinks/plugins/location/ios`)
  - sensors (from `.symlinks/plugins/sensors/ios`)

EXTERNAL SOURCES:
  Flutter:
    :path: ".symlinks/flutter/ios"
  location:
    :path: ".symlinks/plugins/location/ios"
  sensors:
    :path: ".symlinks/plugins/sensors/ios"

SPEC CHECKSUMS:
  Flutter: 9d0fac939486c9aba2809b7982dfdbb47a7b0296
  location: 26c90953ad5916331d0d1d913898779910416487
  sensors: 5e1d451d2b563766999e768342efed82d6141fcc

PODFILE CHECKSUM: aff02bfeed411c636180d6812254b2daeea14d09

COCOAPODS: 1.5.3
