PODS:
  - Flutter (1.0.0)
  - location (0.0.1):
    - Flutter
  - sensors (0.0.1):
    - Flutter

DEPENDENCIES:
  - Flutter (from `.symlinks/flutter/ios-release`)
  - location (from `.symlinks/plugins/location/ios`)
  - sensors (from `.symlinks/plugins/sensors/ios`)

EXTERNAL SOURCES:
  Flutter:
    :path: ".symlinks/flutter/ios-release"
  location:
    :path: ".symlinks/plugins/location/ios"
  sensors:
    :path: ".symlinks/plugins/sensors/ios"

SPEC CHECKSUMS:
  Flutter: 58dd7d1b27887414a370fcccb9e645c08ffd7a6a
  location: 3a2eed4dd2fab25e7b7baf2a9efefe82b512d740
  sensors: b5c565b45237fd2df1c347c14bf5ceeffdb7a2be

PODFILE CHECKSUM: aff02bfeed411c636180d6812254b2daeea14d09

COCOAPODS: 1.7.1
